
Microsoft Visual Studio Solution File, Format Version 12.00
# Visual Studio Version 17
VisualStudioVersion = 17.5.002.0
MinimumVisualStudioVersion = 10.0.40219.1
Project("{9A19103F-16F7-4668-BE54-9A1E7A4F7556}") = "FileSearchAPI", "FileSearchAPI.csproj", "{BCB2FD8E-7963-4C21-8C81-05F0A6FA5D28}"
EndProject
Global
	GlobalSection(SolutionConfigurationPlatforms) = preSolution
		Debug|Any CPU = Debug|Any CPU
		Release|Any CPU = Release|Any CPU
	EndGlobalSection
	GlobalSection(ProjectConfigurationPlatforms) = postSolution
		{BCB2FD8E-7963-4C21-8C81-05F0A6FA5D28}.Debug|Any CPU.ActiveCfg = Debug|Any CPU
		{BCB2FD8E-7963-4C21-8C81-05F0A6FA5D28}.Debug|Any CPU.Build.0 = Debug|Any CPU
		{BCB2FD8E-7963-4C21-8C81-05F0A6FA5D28}.Release|Any CPU.ActiveCfg = Release|Any CPU
		{BCB2FD8E-7963-4C21-8C81-05F0A6FA5D28}.Release|Any CPU.Build.0 = Release|Any CPU
	EndGlobalSection
	GlobalSection(SolutionProperties) = preSolution
		HideSolutionNode = FALSE
	EndGlobalSection
	GlobalSection(ExtensibilityGlobals) = postSolution
		SolutionGuid = {4A82F7C4-106F-4323-A0F9-733569328C79}
	EndGlobalSection
EndGlobal
